// !$*UTF8*$!
{
	archiveVersion = 1;
	classes = {
	};
	objectVersion = 56;
	objects = {

/* Begin PBXBuildFile section */
		F222F969294095E0003A1E2C /* AccountSummaryHeaderView.xib in Resources */ = {isa = PBXBuildFile; fileRef = F222F968294095E0003A1E2C /* AccountSummaryHeaderView.xib */; };
		F222F96B29409711003A1E2C /* AccountSummaryCell.swift in Sources */ = {isa = PBXBuildFile; fileRef = F222F96A29409711003A1E2C /* AccountSummaryCell.swift */; };
		F222F96D2940BA75003A1E2C /* Decimal+Utils.swift in Sources */ = {isa = PBXBuildFile; fileRef = F222F96C2940BA75003A1E2C /* Decimal+Utils.swift */; };
		F222F96F2940BAF1003A1E2C /* CurrencyFormatter.swift in Sources */ = {isa = PBXBuildFile; fileRef = F222F96E2940BAF1003A1E2C /* CurrencyFormatter.swift */; };
		F222F97E2940D8E7003A1E2C /* CurrencyFormatterTests.swift in Sources */ = {isa = PBXBuildFile; fileRef = F222F97D2940D8E7003A1E2C /* CurrencyFormatterTests.swift */; };
		F222F98029425B29003A1E2C /* NSNotificationName.swift in Sources */ = {isa = PBXBuildFile; fileRef = F222F97F29425B29003A1E2C /* NSNotificationName.swift */; };
		F222F98229425E1E003A1E2C /* UITextField+SecureToggle.swift in Sources */ = {isa = PBXBuildFile; fileRef = F222F98129425E1E003A1E2C /* UITextField+SecureToggle.swift */; };
		F29761F4293F9ECD00C5F886 /* AppDelegate.swift in Sources */ = {isa = PBXBuildFile; fileRef = F29761F3293F9ECD00C5F886 /* AppDelegate.swift */; };
		F29761F8293F9ECD00C5F886 /* LoginViewController.swift in Sources */ = {isa = PBXBuildFile; fileRef = F29761F7293F9ECD00C5F886 /* LoginViewController.swift */; };
		F29761FD293F9ECE00C5F886 /* Assets.xcassets in Resources */ = {isa = PBXBuildFile; fileRef = F29761FC293F9ECE00C5F886 /* Assets.xcassets */; };
		F2976200293F9ECE00C5F886 /* LaunchScreen.storyboard in Resources */ = {isa = PBXBuildFile; fileRef = F29761FE293F9ECE00C5F886 /* LaunchScreen.storyboard */; };
		F297620A293FA10B00C5F886 /* LoginView.swift in Sources */ = {isa = PBXBuildFile; fileRef = F2976209293FA10B00C5F886 /* LoginView.swift */; };
		F297620D293FA3A800C5F886 /* OnboardingContainerViewController.swift in Sources */ = {isa = PBXBuildFile; fileRef = F297620C293FA3A800C5F886 /* OnboardingContainerViewController.swift */; };
		F297620F293FA51E00C5F886 /* OnboardingViewController.swift in Sources */ = {isa = PBXBuildFile; fileRef = F297620E293FA51E00C5F886 /* OnboardingViewController.swift */; };
		F2976212293FA5CC00C5F886 /* LocalState.swift in Sources */ = {isa = PBXBuildFile; fileRef = F2976211293FA5CC00C5F886 /* LocalState.swift */; };
		F2976214293FA60300C5F886 /* DummyViewController.swift in Sources */ = {isa = PBXBuildFile; fileRef = F2976213293FA60300C5F886 /* DummyViewController.swift */; };
		F2976216293FA95B00C5F886 /* UIViewController+Utils.swift in Sources */ = {isa = PBXBuildFile; fileRef = F2976215293FA95B00C5F886 /* UIViewController+Utils.swift */; };
		F2976218293FAB0300C5F886 /* MainViewController.swift in Sources */ = {isa = PBXBuildFile; fileRef = F2976217293FAB0300C5F886 /* MainViewController.swift */; };
		F297621B293FB5D300C5F886 /* AccountSummaryViewController.swift in Sources */ = {isa = PBXBuildFile; fileRef = F297621A293FB5D300C5F886 /* AccountSummaryViewController.swift */; };
		F297621D293FB93100C5F886 /* AccountSummaryHeaderView.swift in Sources */ = {isa = PBXBuildFile; fileRef = F297621C293FB93100C5F886 /* AccountSummaryHeaderView.swift */; };
/* End PBXBuildFile section */

/* Begin PBXContainerItemProxy section */
		F222F9782940D831003A1E2C /* PBXContainerItemProxy */ = {
			isa = PBXContainerItemProxy;
			containerPortal = F29761E8293F9ECD00C5F886 /* Project object */;
			proxyType = 1;
			remoteGlobalIDString = F29761EF293F9ECD00C5F886;
			remoteInfo = Bankey;
		};
/* End PBXContainerItemProxy section */

/* Begin PBXFileReference section */
		F222F968294095E0003A1E2C /* AccountSummaryHeaderView.xib */ = {isa = PBXFileReference; lastKnownFileType = file.xib; path = AccountSummaryHeaderView.xib; sourceTree = "<group>"; };
		F222F96A29409711003A1E2C /* AccountSummaryCell.swift */ = {isa = PBXFileReference; lastKnownFileType = sourcecode.swift; path = AccountSummaryCell.swift; sourceTree = "<group>"; };
		F222F96C2940BA75003A1E2C /* Decimal+Utils.swift */ = {isa = PBXFileReference; lastKnownFileType = sourcecode.swift; path = "Decimal+Utils.swift"; sourceTree = "<group>"; };
		F222F96E2940BAF1003A1E2C /* CurrencyFormatter.swift */ = {isa = PBXFileReference; lastKnownFileType = sourcecode.swift; path = CurrencyFormatter.swift; sourceTree = "<group>"; };
		F222F9742940D831003A1E2C /* BankeyUnitTests.xctest */ = {isa = PBXFileReference; explicitFileType = wrapper.cfbundle; includeInIndex = 0; path = BankeyUnitTests.xctest; sourceTree = BUILT_PRODUCTS_DIR; };
		F222F97D2940D8E7003A1E2C /* CurrencyFormatterTests.swift */ = {isa = PBXFileReference; lastKnownFileType = sourcecode.swift; path = CurrencyFormatterTests.swift; sourceTree = "<group>"; };
		F222F97F29425B29003A1E2C /* NSNotificationName.swift */ = {isa = PBXFileReference; lastKnownFileType = sourcecode.swift; path = NSNotificationName.swift; sourceTree = "<group>"; };
		F222F98129425E1E003A1E2C /* UITextField+SecureToggle.swift */ = {isa = PBXFileReference; lastKnownFileType = sourcecode.swift; path = "UITextField+SecureToggle.swift"; sourceTree = "<group>"; };
		F29761F0293F9ECD00C5F886 /* Bankey.app */ = {isa = PBXFileReference; explicitFileType = wrapper.application; includeInIndex = 0; path = Bankey.app; sourceTree = BUILT_PRODUCTS_DIR; };
		F29761F3293F9ECD00C5F886 /* AppDelegate.swift */ = {isa = PBXFileReference; lastKnownFileType = sourcecode.swift; path = AppDelegate.swift; sourceTree = "<group>"; };
		F29761F7293F9ECD00C5F886 /* LoginViewController.swift */ = {isa = PBXFileReference; lastKnownFileType = sourcecode.swift; path = LoginViewController.swift; sourceTree = "<group>"; };
		F29761FC293F9ECE00C5F886 /* Assets.xcassets */ = {isa = PBXFileReference; lastKnownFileType = folder.assetcatalog; path = Assets.xcassets; sourceTree = "<group>"; };
		F29761FF293F9ECE00C5F886 /* Base */ = {isa = PBXFileReference; lastKnownFileType = file.storyboard; name = Base; path = Base.lproj/LaunchScreen.storyboard; sourceTree = "<group>"; };
		F2976201293F9ECE00C5F886 /* Info.plist */ = {isa = PBXFileReference; lastKnownFileType = text.plist.xml; path = Info.plist; sourceTree = "<group>"; };
		F2976209293FA10B00C5F886 /* LoginView.swift */ = {isa = PBXFileReference; lastKnownFileType = sourcecode.swift; path = LoginView.swift; sourceTree = "<group>"; };
		F297620C293FA3A800C5F886 /* OnboardingContainerViewController.swift */ = {isa = PBXFileReference; lastKnownFileType = sourcecode.swift; path = OnboardingContainerViewController.swift; sourceTree = "<group>"; };
		F297620E293FA51E00C5F886 /* OnboardingViewController.swift */ = {isa = PBXFileReference; lastKnownFileType = sourcecode.swift; path = OnboardingViewController.swift; sourceTree = "<group>"; };
		F2976211293FA5CC00C5F886 /* LocalState.swift */ = {isa = PBXFileReference; lastKnownFileType = sourcecode.swift; path = LocalState.swift; sourceTree = "<group>"; };
		F2976213293FA60300C5F886 /* DummyViewController.swift */ = {isa = PBXFileReference; lastKnownFileType = sourcecode.swift; path = DummyViewController.swift; sourceTree = "<group>"; };
		F2976215293FA95B00C5F886 /* UIViewController+Utils.swift */ = {isa = PBXFileReference; lastKnownFileType = sourcecode.swift; path = "UIViewController+Utils.swift"; sourceTree = "<group>"; };
		F2976217293FAB0300C5F886 /* MainViewController.swift */ = {isa = PBXFileReference; lastKnownFileType = sourcecode.swift; path = MainViewController.swift; sourceTree = "<group>"; };
		F297621A293FB5D300C5F886 /* AccountSummaryViewController.swift */ = {isa = PBXFileReference; lastKnownFileType = sourcecode.swift; path = AccountSummaryViewController.swift; sourceTree = "<group>"; };
		F297621C293FB93100C5F886 /* AccountSummaryHeaderView.swift */ = {isa = PBXFileReference; lastKnownFileType = sourcecode.swift; path = AccountSummaryHeaderView.swift; sourceTree = "<group>"; };
/* End PBXFileReference section */

/* Begin PBXFrameworksBuildPhase section */
		F222F9712940D831003A1E2C /* Frameworks */ = {
			isa = PBXFrameworksBuildPhase;
			buildActionMask = 2147483647;
			files = (
			);
			runOnlyForDeploymentPostprocessing = 0;
		};
		F29761ED293F9ECD00C5F886 /* Frameworks */ = {
			isa = PBXFrameworksBuildPhase;
			buildActionMask = 2147483647;
			files = (
			);
			runOnlyForDeploymentPostprocessing = 0;
		};
/* End PBXFrameworksBuildPhase section */

/* Begin PBXGroup section */
		F222F9672940952F003A1E2C /* Cells */ = {
			isa = PBXGroup;
			children = (
				F222F96A29409711003A1E2C /* AccountSummaryCell.swift */,
			);
			path = Cells;
			sourceTree = "<group>";
		};
		F222F9752940D831003A1E2C /* BankeyUnitTests */ = {
			isa = PBXGroup;
			children = (
				F222F97D2940D8E7003A1E2C /* CurrencyFormatterTests.swift */,
			);
			path = BankeyUnitTests;
			sourceTree = "<group>";
		};
		F29761E7293F9ECD00C5F886 = {
			isa = PBXGroup;
			children = (
				F29761F2293F9ECD00C5F886 /* Bankey */,
				F222F9752940D831003A1E2C /* BankeyUnitTests */,
				F29761F1293F9ECD00C5F886 /* Products */,
			);
			sourceTree = "<group>";
		};
		F29761F1293F9ECD00C5F886 /* Products */ = {
			isa = PBXGroup;
			children = (
				F29761F0293F9ECD00C5F886 /* Bankey.app */,
				F222F9742940D831003A1E2C /* BankeyUnitTests.xctest */,
			);
			name = Products;
			sourceTree = "<group>";
		};
		F29761F2293F9ECD00C5F886 /* Bankey */ = {
			isa = PBXGroup;
			children = (
				F29761F3293F9ECD00C5F886 /* AppDelegate.swift */,
				F2976217293FAB0300C5F886 /* MainViewController.swift */,
				F2976207293FA09400C5F886 /* Files */,
				F2976208293FA0D600C5F886 /* Login */,
				F297620B293FA37A00C5F886 /* Onboarding */,
				F2976219293FB59D00C5F886 /* AccountSummary */,
				F2976210293FA59E00C5F886 /* Util */,
			);
			path = Bankey;
			sourceTree = "<group>";
		};
		F2976207293FA09400C5F886 /* Files */ = {
			isa = PBXGroup;
			children = (
				F29761FC293F9ECE00C5F886 /* Assets.xcassets */,
				F29761FE293F9ECE00C5F886 /* LaunchScreen.storyboard */,
				F2976201293F9ECE00C5F886 /* Info.plist */,
			);
			name = Files;
			sourceTree = "<group>";
		};
		F2976208293FA0D600C5F886 /* Login */ = {
			isa = PBXGroup;
			children = (
				F29761F7293F9ECD00C5F886 /* LoginViewController.swift */,
				F2976209293FA10B00C5F886 /* LoginView.swift */,
				F2976213293FA60300C5F886 /* DummyViewController.swift */,
			);
			path = Login;
			sourceTree = "<group>";
		};
		F297620B293FA37A00C5F886 /* Onboarding */ = {
			isa = PBXGroup;
			children = (
				F297620C293FA3A800C5F886 /* OnboardingContainerViewController.swift */,
				F297620E293FA51E00C5F886 /* OnboardingViewController.swift */,
			);
			path = Onboarding;
			sourceTree = "<group>";
		};
		F2976210293FA59E00C5F886 /* Util */ = {
			isa = PBXGroup;
			children = (
				F2976215293FA95B00C5F886 /* UIViewController+Utils.swift */,
				F222F98129425E1E003A1E2C /* UITextField+SecureToggle.swift */,
				F222F96C2940BA75003A1E2C /* Decimal+Utils.swift */,
				F2976211293FA5CC00C5F886 /* LocalState.swift */,
				F222F96E2940BAF1003A1E2C /* CurrencyFormatter.swift */,
				F222F97F29425B29003A1E2C /* NSNotificationName.swift */,
			);
			path = Util;
			sourceTree = "<group>";
		};
		F2976219293FB59D00C5F886 /* AccountSummary */ = {
			isa = PBXGroup;
			children = (
				F297621A293FB5D300C5F886 /* AccountSummaryViewController.swift */,
				F29762202940947C00C5F886 /* Header */,
				F222F9672940952F003A1E2C /* Cells */,
			);
			path = AccountSummary;
			sourceTree = "<group>";
		};
		F29762202940947C00C5F886 /* Header */ = {
			isa = PBXGroup;
			children = (
				F297621C293FB93100C5F886 /* AccountSummaryHeaderView.swift */,
				F222F968294095E0003A1E2C /* AccountSummaryHeaderView.xib */,
			);
			path = Header;
			sourceTree = "<group>";
		};
/* End PBXGroup section */

/* Begin PBXNativeTarget section */
		F222F9732940D831003A1E2C /* BankeyUnitTests */ = {
			isa = PBXNativeTarget;
			buildConfigurationList = F222F97A2940D831003A1E2C /* Build configuration list for PBXNativeTarget "BankeyUnitTests" */;
			buildPhases = (
				F222F9702940D831003A1E2C /* Sources */,
				F222F9712940D831003A1E2C /* Frameworks */,
				F222F9722940D831003A1E2C /* Resources */,
			);
			buildRules = (
			);
			dependencies = (
				F222F9792940D831003A1E2C /* PBXTargetDependency */,
			);
			name = BankeyUnitTests;
			productName = BankeyUnitTests;
			productReference = F222F9742940D831003A1E2C /* BankeyUnitTests.xctest */;
			productType = "com.apple.product-type.bundle.unit-test";
		};
		F29761EF293F9ECD00C5F886 /* Bankey */ = {
			isa = PBXNativeTarget;
			buildConfigurationList = F2976204293F9ECE00C5F886 /* Build configuration list for PBXNativeTarget "Bankey" */;
			buildPhases = (
				F29761EC293F9ECD00C5F886 /* Sources */,
				F29761ED293F9ECD00C5F886 /* Frameworks */,
				F29761EE293F9ECD00C5F886 /* Resources */,
			);
			buildRules = (
			);
			dependencies = (
			);
			name = Bankey;
			productName = Bankey;
			productReference = F29761F0293F9ECD00C5F886 /* Bankey.app */;
			productType = "com.apple.product-type.application";
		};
/* End PBXNativeTarget section */

/* Begin PBXProject section */
		F29761E8293F9ECD00C5F886 /* Project object */ = {
			isa = PBXProject;
			attributes = {
				BuildIndependentTargetsInParallel = 1;
				LastSwiftUpdateCheck = 1410;
				LastUpgradeCheck = 1410;
				TargetAttributes = {
					F222F9732940D831003A1E2C = {
						CreatedOnToolsVersion = 14.1;
						LastSwiftMigration = 1410;
						TestTargetID = F29761EF293F9ECD00C5F886;
					};
					F29761EF293F9ECD00C5F886 = {
						CreatedOnToolsVersion = 14.1;
					};
				};
			};
			buildConfigurationList = F29761EB293F9ECD00C5F886 /* Build configuration list for PBXProject "Bankey" */;
			compatibilityVersion = "Xcode 14.0";
			developmentRegion = en;
			hasScannedForEncodings = 0;
			knownRegions = (
				en,
				Base,
			);
			mainGroup = F29761E7293F9ECD00C5F886;
			productRefGroup = F29761F1293F9ECD00C5F886 /* Products */;
			projectDirPath = "";
			projectRoot = "";
			targets = (
				F29761EF293F9ECD00C5F886 /* Bankey */,
				F222F9732940D831003A1E2C /* BankeyUnitTests */,
			);
		};
/* End PBXProject section */

/* Begin PBXResourcesBuildPhase section */
		F222F9722940D831003A1E2C /* Resources */ = {
			isa = PBXResourcesBuildPhase;
			buildActionMask = 2147483647;
			files = (
			);
			runOnlyForDeploymentPostprocessing = 0;
		};
		F29761EE293F9ECD00C5F886 /* Resources */ = {
			isa = PBXResourcesBuildPhase;
			buildActionMask = 2147483647;
			files = (
				F222F969294095E0003A1E2C /* AccountSummaryHeaderView.xib in Resources */,
				F2976200293F9ECE00C5F886 /* LaunchScreen.storyboard in Resources */,
				F29761FD293F9ECE00C5F886 /* Assets.xcassets in Resources */,
			);
			runOnlyForDeploymentPostprocessing = 0;
		};
/* End PBXResourcesBuildPhase section */

/* Begin PBXSourcesBuildPhase section */
		F222F9702940D831003A1E2C /* Sources */ = {
			isa = PBXSourcesBuildPhase;
			buildActionMask = 2147483647;
			files = (
				F222F97E2940D8E7003A1E2C /* CurrencyFormatterTests.swift in Sources */,
			);
			runOnlyForDeploymentPostprocessing = 0;
		};
		F29761EC293F9ECD00C5F886 /* Sources */ = {
			isa = PBXSourcesBuildPhase;
			buildActionMask = 2147483647;
			files = (
				F2976216293FA95B00C5F886 /* UIViewController+Utils.swift in Sources */,
				F2976214293FA60300C5F886 /* DummyViewController.swift in Sources */,
				F297620A293FA10B00C5F886 /* LoginView.swift in Sources */,
				F222F96D2940BA75003A1E2C /* Decimal+Utils.swift in Sources */,
				F222F98229425E1E003A1E2C /* UITextField+SecureToggle.swift in Sources */,
				F297621D293FB93100C5F886 /* AccountSummaryHeaderView.swift in Sources */,
				F222F96F2940BAF1003A1E2C /* CurrencyFormatter.swift in Sources */,
				F2976212293FA5CC00C5F886 /* LocalState.swift in Sources */,
				F222F98029425B29003A1E2C /* NSNotificationName.swift in Sources */,
				F297620D293FA3A800C5F886 /* OnboardingContainerViewController.swift in Sources */,
				F222F96B29409711003A1E2C /* AccountSummaryCell.swift in Sources */,
				F297620F293FA51E00C5F886 /* OnboardingViewController.swift in Sources */,
				F2976218293FAB0300C5F886 /* MainViewController.swift in Sources */,
				F297621B293FB5D300C5F886 /* AccountSummaryViewController.swift in Sources */,
				F29761F8293F9ECD00C5F886 /* LoginViewController.swift in Sources */,
				F29761F4293F9ECD00C5F886 /* AppDelegate.swift in Sources */,
			);
			runOnlyForDeploymentPostprocessing = 0;
		};
/* End PBXSourcesBuildPhase section */

/* Begin PBXTargetDependency section */
		F222F9792940D831003A1E2C /* PBXTargetDependency */ = {
			isa = PBXTargetDependency;
			target = F29761EF293F9ECD00C5F886 /* Bankey */;
			targetProxy = F222F9782940D831003A1E2C /* PBXContainerItemProxy */;
		};
/* End PBXTargetDependency section */

/* Begin PBXVariantGroup section */
		F29761FE293F9ECE00C5F886 /* LaunchScreen.storyboard */ = {
			isa = PBXVariantGroup;
			children = (
				F29761FF293F9ECE00C5F886 /* Base */,
			);
			name = LaunchScreen.storyboard;
			sourceTree = "<group>";
		};
/* End PBXVariantGroup section */

/* Begin XCBuildConfiguration section */
		F222F97B2940D831003A1E2C /* Debug */ = {
			isa = XCBuildConfiguration;
			buildSettings = {
				BUNDLE_LOADER = "$(TEST_HOST)";
				CLANG_ENABLE_MODULES = YES;
				CODE_SIGN_STYLE = Automatic;
				CURRENT_PROJECT_VERSION = 1;
				GENERATE_INFOPLIST_FILE = YES;
				LD_RUNPATH_SEARCH_PATHS = (
					"$(inherited)",
					"@executable_path/Frameworks",
					"@loader_path/Frameworks",
				);
				MARKETING_VERSION = 1.0;
				PRODUCT_BUNDLE_IDENTIFIER = com.dsa.BankeyUnitTests;
				PRODUCT_NAME = "$(TARGET_NAME)";
				SWIFT_EMIT_LOC_STRINGS = NO;
				SWIFT_OPTIMIZATION_LEVEL = "-Onone";
				SWIFT_VERSION = 5.0;
				TARGETED_DEVICE_FAMILY = "1,2";
				TEST_HOST = "$(BUILT_PRODUCTS_DIR)/Bankey.app/$(BUNDLE_EXECUTABLE_FOLDER_PATH)/Bankey";
			};
			name = Debug;
		};
		F222F97C2940D831003A1E2C /* Release */ = {
			isa = XCBuildConfiguration;
			buildSettings = {
				BUNDLE_LOADER = "$(TEST_HOST)";
				CLANG_ENABLE_MODULES = YES;
				CODE_SIGN_STYLE = Automatic;
				CURRENT_PROJECT_VERSION = 1;
				GENERATE_INFOPLIST_FILE = YES;
				LD_RUNPATH_SEARCH_PATHS = (
					"$(inherited)",
					"@executable_path/Frameworks",
					"@loader_path/Frameworks",
				);
				MARKETING_VERSION = 1.0;
				PRODUCT_BUNDLE_IDENTIFIER = com.dsa.BankeyUnitTests;
				PRODUCT_NAME = "$(TARGET_NAME)";
				SWIFT_EMIT_LOC_STRINGS = NO;
				SWIFT_VERSION = 5.0;
				TARGETED_DEVICE_FAMILY = "1,2";
				TEST_HOST = "$(BUILT_PRODUCTS_DIR)/Bankey.app/$(BUNDLE_EXECUTABLE_FOLDER_PATH)/Bankey";
			};
			name = Release;
		};
		F2976202293F9ECE00C5F886 /* Debug */ = {
			isa = XCBuildConfiguration;
			buildSettings = {
				ALWAYS_SEARCH_USER_PATHS = NO;
				CLANG_ANALYZER_NONNULL = YES;
				CLANG_ANALYZER_NUMBER_OBJECT_CONVERSION = YES_AGGRESSIVE;
				CLANG_CXX_LANGUAGE_STANDARD = "gnu++20";
				CLANG_ENABLE_MODULES = YES;
				CLANG_ENABLE_OBJC_ARC = YES;
				CLANG_ENABLE_OBJC_WEAK = YES;
				CLANG_WARN_BLOCK_CAPTURE_AUTORELEASING = YES;
				CLANG_WARN_BOOL_CONVERSION = YES;
				CLANG_WARN_COMMA = YES;
				CLANG_WARN_CONSTANT_CONVERSION = YES;
				CLANG_WARN_DEPRECATED_OBJC_IMPLEMENTATIONS = YES;
				CLANG_WARN_DIRECT_OBJC_ISA_USAGE = YES_ERROR;
				CLANG_WARN_DOCUMENTATION_COMMENTS = YES;
				CLANG_WARN_EMPTY_BODY = YES;
				CLANG_WARN_ENUM_CONVERSION = YES;
				CLANG_WARN_INFINITE_RECURSION = YES;
				CLANG_WARN_INT_CONVERSION = YES;
				CLANG_WARN_NON_LITERAL_NULL_CONVERSION = YES;
				CLANG_WARN_OBJC_IMPLICIT_RETAIN_SELF = YES;
				CLANG_WARN_OBJC_LITERAL_CONVERSION = YES;
				CLANG_WARN_OBJC_ROOT_CLASS = YES_ERROR;
				CLANG_WARN_QUOTED_INCLUDE_IN_FRAMEWORK_HEADER = YES;
				CLANG_WARN_RANGE_LOOP_ANALYSIS = YES;
				CLANG_WARN_STRICT_PROTOTYPES = YES;
				CLANG_WARN_SUSPICIOUS_MOVE = YES;
				CLANG_WARN_UNGUARDED_AVAILABILITY = YES_AGGRESSIVE;
				CLANG_WARN_UNREACHABLE_CODE = YES;
				CLANG_WARN__DUPLICATE_METHOD_MATCH = YES;
				COPY_PHASE_STRIP = NO;
				DEBUG_INFORMATION_FORMAT = dwarf;
				ENABLE_STRICT_OBJC_MSGSEND = YES;
				ENABLE_TESTABILITY = YES;
				GCC_C_LANGUAGE_STANDARD = gnu11;
				GCC_DYNAMIC_NO_PIC = NO;
				GCC_NO_COMMON_BLOCKS = YES;
				GCC_OPTIMIZATION_LEVEL = 0;
				GCC_PREPROCESSOR_DEFINITIONS = (
					"DEBUG=1",
					"$(inherited)",
				);
				GCC_WARN_64_TO_32_BIT_CONVERSION = YES;
				GCC_WARN_ABOUT_RETURN_TYPE = YES_ERROR;
				GCC_WARN_UNDECLARED_SELECTOR = YES;
				GCC_WARN_UNINITIALIZED_AUTOS = YES_AGGRESSIVE;
				GCC_WARN_UNUSED_FUNCTION = YES;
				GCC_WARN_UNUSED_VARIABLE = YES;
				IPHONEOS_DEPLOYMENT_TARGET = 16.1;
				MTL_ENABLE_DEBUG_INFO = INCLUDE_SOURCE;
				MTL_FAST_MATH = YES;
				ONLY_ACTIVE_ARCH = YES;
				SDKROOT = iphoneos;
				SWIFT_ACTIVE_COMPILATION_CONDITIONS = DEBUG;
				SWIFT_OPTIMIZATION_LEVEL = "-Onone";
			};
			name = Debug;
		};
		F2976203293F9ECE00C5F886 /* Release */ = {
			isa = XCBuildConfiguration;
			buildSettings = {
				ALWAYS_SEARCH_USER_PATHS = NO;
				CLANG_ANALYZER_NONNULL = YES;
				CLANG_ANALYZER_NUMBER_OBJECT_CONVERSION = YES_AGGRESSIVE;
				CLANG_CXX_LANGUAGE_STANDARD = "gnu++20";
				CLANG_ENABLE_MODULES = YES;
				CLANG_ENABLE_OBJC_ARC = YES;
				CLANG_ENABLE_OBJC_WEAK = YES;
				CLANG_WARN_BLOCK_CAPTURE_AUTORELEASING = YES;
				CLANG_WARN_BOOL_CONVERSION = YES;
				CLANG_WARN_COMMA = YES;
				CLANG_WARN_CONSTANT_CONVERSION = YES;
				CLANG_WARN_DEPRECATED_OBJC_IMPLEMENTATIONS = YES;
				CLANG_WARN_DIRECT_OBJC_ISA_USAGE = YES_ERROR;
				CLANG_WARN_DOCUMENTATION_COMMENTS = YES;
				CLANG_WARN_EMPTY_BODY = YES;
				CLANG_WARN_ENUM_CONVERSION = YES;
				CLANG_WARN_INFINITE_RECURSION = YES;
				CLANG_WARN_INT_CONVERSION = YES;
				CLANG_WARN_NON_LITERAL_NULL_CONVERSION = YES;
				CLANG_WARN_OBJC_IMPLICIT_RETAIN_SELF = YES;
				CLANG_WARN_OBJC_LITERAL_CONVERSION = YES;
				CLANG_WARN_OBJC_ROOT_CLASS = YES_ERROR;
				CLANG_WARN_QUOTED_INCLUDE_IN_FRAMEWORK_HEADER = YES;
				CLANG_WARN_RANGE_LOOP_ANALYSIS = YES;
				CLANG_WARN_STRICT_PROTOTYPES = YES;
				CLANG_WARN_SUSPICIOUS_MOVE = YES;
				CLANG_WARN_UNGUARDED_AVAILABILITY = YES_AGGRESSIVE;
				CLANG_WARN_UNREACHABLE_CODE = YES;
				CLANG_WARN__DUPLICATE_METHOD_MATCH = YES;
				COPY_PHASE_STRIP = NO;
				DEBUG_INFORMATION_FORMAT = "dwarf-with-dsym";
				ENABLE_NS_ASSERTIONS = NO;
				ENABLE_STRICT_OBJC_MSGSEND = YES;
				GCC_C_LANGUAGE_STANDARD = gnu11;
				GCC_NO_COMMON_BLOCKS = YES;
				GCC_WARN_64_TO_32_BIT_CONVERSION = YES;
				GCC_WARN_ABOUT_RETURN_TYPE = YES_ERROR;
				GCC_WARN_UNDECLARED_SELECTOR = YES;
				GCC_WARN_UNINITIALIZED_AUTOS = YES_AGGRESSIVE;
				GCC_WARN_UNUSED_FUNCTION = YES;
				GCC_WARN_UNUSED_VARIABLE = YES;
				IPHONEOS_DEPLOYMENT_TARGET = 16.1;
				MTL_ENABLE_DEBUG_INFO = NO;
				MTL_FAST_MATH = YES;
				SDKROOT = iphoneos;
				SWIFT_COMPILATION_MODE = wholemodule;
				SWIFT_OPTIMIZATION_LEVEL = "-O";
				VALIDATE_PRODUCT = YES;
			};
			name = Release;
		};
		F2976205293F9ECE00C5F886 /* Debug */ = {
			isa = XCBuildConfiguration;
			buildSettings = {
				ASSETCATALOG_COMPILER_APPICON_NAME = AppIcon;
				ASSETCATALOG_COMPILER_GLOBAL_ACCENT_COLOR_NAME = AccentColor;
				CODE_SIGN_STYLE = Automatic;
				CURRENT_PROJECT_VERSION = 1;
				GENERATE_INFOPLIST_FILE = YES;
				INFOPLIST_FILE = Bankey/Info.plist;
				INFOPLIST_KEY_UIApplicationSupportsIndirectInputEvents = YES;
				INFOPLIST_KEY_UILaunchStoryboardName = LaunchScreen;
				INFOPLIST_KEY_UISupportedInterfaceOrientations_iPad = "UIInterfaceOrientationPortrait UIInterfaceOrientationPortraitUpsideDown UIInterfaceOrientationLandscapeLeft UIInterfaceOrientationLandscapeRight";
				INFOPLIST_KEY_UISupportedInterfaceOrientations_iPhone = "UIInterfaceOrientationPortrait UIInterfaceOrientationLandscapeLeft UIInterfaceOrientationLandscapeRight";
				LD_RUNPATH_SEARCH_PATHS = (
					"$(inherited)",
					"@executable_path/Frameworks",
				);
				MARKETING_VERSION = 1.0;
				PRODUCT_BUNDLE_IDENTIFIER = com.dsa.Bankey;
				PRODUCT_NAME = "$(TARGET_NAME)";
				SWIFT_EMIT_LOC_STRINGS = YES;
				SWIFT_VERSION = 5.0;
				TARGETED_DEVICE_FAMILY = "1,2";
			};
			name = Debug;
		};
		F2976206293F9ECE00C5F886 /* Release */ = {
			isa = XCBuildConfiguration;
			buildSettings = {
				ASSETCATALOG_COMPILER_APPICON_NAME = AppIcon;
				ASSETCATALOG_COMPILER_GLOBAL_ACCENT_COLOR_NAME = AccentColor;
				CODE_SIGN_STYLE = Automatic;
				CURRENT_PROJECT_VERSION = 1;
				GENERATE_INFOPLIST_FILE = YES;
				INFOPLIST_FILE = Bankey/Info.plist;
				INFOPLIST_KEY_UIApplicationSupportsIndirectInputEvents = YES;
				INFOPLIST_KEY_UILaunchStoryboardName = LaunchScreen;
				INFOPLIST_KEY_UISupportedInterfaceOrientations_iPad = "UIInterfaceOrientationPortrait UIInterfaceOrientationPortraitUpsideDown UIInterfaceOrientationLandscapeLeft UIInterfaceOrientationLandscapeRight";
				INFOPLIST_KEY_UISupportedInterfaceOrientations_iPhone = "UIInterfaceOrientationPortrait UIInterfaceOrientationLandscapeLeft UIInterfaceOrientationLandscapeRight";
				LD_RUNPATH_SEARCH_PATHS = (
					"$(inherited)",
					"@executable_path/Frameworks",
				);
				MARKETING_VERSION = 1.0;
				PRODUCT_BUNDLE_IDENTIFIER = com.dsa.Bankey;
				PRODUCT_NAME = "$(TARGET_NAME)";
				SWIFT_EMIT_LOC_STRINGS = YES;
				SWIFT_VERSION = 5.0;
				TARGETED_DEVICE_FAMILY = "1,2";
			};
			name = Release;
		};
/* End XCBuildConfiguration section */

/* Begin XCConfigurationList section */
		F222F97A2940D831003A1E2C /* Build configuration list for PBXNativeTarget "BankeyUnitTests" */ = {
			isa = XCConfigurationList;
			buildConfigurations = (
				F222F97B2940D831003A1E2C /* Debug */,
				F222F97C2940D831003A1E2C /* Release */,
			);
			defaultConfigurationIsVisible = 0;
			defaultConfigurationName = Release;
		};
		F29761EB293F9ECD00C5F886 /* Build configuration list for PBXProject "Bankey" */ = {
			isa = XCConfigurationList;
			buildConfigurations = (
				F2976202293F9ECE00C5F886 /* Debug */,
				F2976203293F9ECE00C5F886 /* Release */,
			);
			defaultConfigurationIsVisible = 0;
			defaultConfigurationName = Release;
		};
		F2976204293F9ECE00C5F886 /* Build configuration list for PBXNativeTarget "Bankey" */ = {
			isa = XCConfigurationList;
			buildConfigurations = (
				F2976205293F9ECE00C5F886 /* Debug */,
				F2976206293F9ECE00C5F886 /* Release */,
			);
			defaultConfigurationIsVisible = 0;
			defaultConfigurationName = Release;
		};
/* End XCConfigurationList section */
	};
	rootObject = F29761E8293F9ECD00C5F886 /* Project object */;
}
